
Microsoft Visual Studio Solution File, Format Version 12.00
# Visual Studio Express 14 for Web
VisualStudioVersion = 14.0.25123.0
MinimumVisualStudioVersion = 10.0.40219.1
Project("{E24C65DC-7377-472B-9ABA-BC803B73C61A}") = "updatedweb - Copy", ".", "{0C4A5D66-EBCA-4AA1-907E-F9DEB7246F63}"
	ProjectSection(WebsiteProperties) = preProject
		TargetFrameworkMoniker = ".NETFramework,Version%3Dv4.5.2"
		Debug.AspNetCompiler.VirtualPath = "/localhost_52101"
		Debug.AspNetCompiler.PhysicalPath = "..\..\..\..\Dropbox\אינטרנט\updatedweb - Copy\"
		Debug.AspNetCompiler.TargetPath = "PrecompiledWeb\localhost_52101\"
		Debug.AspNetCompiler.Updateable = "true"
		Debug.AspNetCompiler.ForceOverwrite = "true"
		Debug.AspNetCompiler.FixedNames = "false"
		Debug.AspNetCompiler.Debug = "True"
		Release.AspNetCompiler.VirtualPath = "/localhost_52101"
		Release.AspNetCompiler.PhysicalPath = "..\..\..\..\Dropbox\אינטרנט\updatedweb - Copy\"
		Release.AspNetCompiler.TargetPath = "PrecompiledWeb\localhost_52101\"
		Release.AspNetCompiler.Updateable = "true"
		Release.AspNetCompiler.ForceOverwrite = "true"
		Release.AspNetCompiler.FixedNames = "false"
		Release.AspNetCompiler.Debug = "False"
		VWDPort = "52101"
	EndProjectSection
EndProject
Global
	GlobalSection(SolutionConfigurationPlatforms) = preSolution
		Debug|Any CPU = Debug|Any CPU
	EndGlobalSection
	GlobalSection(ProjectConfigurationPlatforms) = postSolution
		{0C4A5D66-EBCA-4AA1-907E-F9DEB7246F63}.Debug|Any CPU.ActiveCfg = Debug|Any CPU
		{0C4A5D66-EBCA-4AA1-907E-F9DEB7246F63}.Debug|Any CPU.Build.0 = Debug|Any CPU
	EndGlobalSection
	GlobalSection(SolutionProperties) = preSolution
		HideSolutionNode = FALSE
	EndGlobalSection
EndGlobal
